
Microsoft Visual Studio Solution File, Format Version 12.00
# Visual Studio Version 17
VisualStudioVersion = 17.7.34003.232
MinimumVisualStudioVersion = 10.0.40219.1
Project("{FAE04EC0-301F-11D3-BF4B-00C04F79EFBC}") = "ProyectoTodoList", "ProyectoTodoList\ProyectoTodoList.csproj", "{DA20DE9D-409A-48F8-AC77-37B9F25A939D}"
EndProject
Global
	GlobalSection(SolutionConfigurationPlatforms) = preSolution
		Debug|Any CPU = Debug|Any CPU
		Release|Any CPU = Release|Any CPU
	EndGlobalSection
	GlobalSection(ProjectConfigurationPlatforms) = postSolution
		{DA20DE9D-409A-48F8-AC77-37B9F25A939D}.Debug|Any CPU.ActiveCfg = Debug|Any CPU
		{DA20DE9D-409A-48F8-AC77-37B9F25A939D}.Debug|Any CPU.Build.0 = Debug|Any CPU
		{DA20DE9D-409A-48F8-AC77-37B9F25A939D}.Release|Any CPU.ActiveCfg = Release|Any CPU
		{DA20DE9D-409A-48F8-AC77-37B9F25A939D}.Release|Any CPU.Build.0 = Release|Any CPU
	EndGlobalSection
	GlobalSection(SolutionProperties) = preSolution
		HideSolutionNode = FALSE
	EndGlobalSection
	GlobalSection(ExtensibilityGlobals) = postSolution
		SolutionGuid = {0DE282FE-3EC3-4012-A0BE-2DC73DE8EBA8}
	EndGlobalSection
EndGlobal
